
Microsoft Visual Studio Solution File, Format Version 12.00
# Visual Studio Version 17
VisualStudioVersion = 17.5.002.0
MinimumVisualStudioVersion = 10.0.40219.1
Project("{9A19103F-16F7-4668-BE54-9A1E7A4F7556}") = "39", "39.csproj", "{C8DA1057-5859-4766-8F59-D232C578DAE8}"
EndProject
Global
	GlobalSection(SolutionConfigurationPlatforms) = preSolution
		Debug|Any CPU = Debug|Any CPU
		Release|Any CPU = Release|Any CPU
	EndGlobalSection
	GlobalSection(ProjectConfigurationPlatforms) = postSolution
		{C8DA1057-5859-4766-8F59-D232C578DAE8}.Debug|Any CPU.ActiveCfg = Debug|Any CPU
		{C8DA1057-5859-4766-8F59-D232C578DAE8}.Debug|Any CPU.Build.0 = Debug|Any CPU
		{C8DA1057-5859-4766-8F59-D232C578DAE8}.Release|Any CPU.ActiveCfg = Release|Any CPU
		{C8DA1057-5859-4766-8F59-D232C578DAE8}.Release|Any CPU.Build.0 = Release|Any CPU
	EndGlobalSection
	GlobalSection(SolutionProperties) = preSolution
		HideSolutionNode = FALSE
	EndGlobalSection
	GlobalSection(ExtensibilityGlobals) = postSolution
		SolutionGuid = {782BEB19-5960-4A8C-BA88-8FECEECDBF51}
	EndGlobalSection
EndGlobal
