
Microsoft Visual Studio Solution File, Format Version 12.00
# Visual Studio Version 17
VisualStudioVersion = 17.5.002.0
MinimumVisualStudioVersion = 10.0.40219.1
Project("{9A19103F-16F7-4668-BE54-9A1E7A4F7556}") = "78", "78.csproj", "{C8F5182C-F78E-4A90-9F77-B5515371B636}"
EndProject
Global
	GlobalSection(SolutionConfigurationPlatforms) = preSolution
		Debug|Any CPU = Debug|Any CPU
		Release|Any CPU = Release|Any CPU
	EndGlobalSection
	GlobalSection(ProjectConfigurationPlatforms) = postSolution
		{C8F5182C-F78E-4A90-9F77-B5515371B636}.Debug|Any CPU.ActiveCfg = Debug|Any CPU
		{C8F5182C-F78E-4A90-9F77-B5515371B636}.Debug|Any CPU.Build.0 = Debug|Any CPU
		{C8F5182C-F78E-4A90-9F77-B5515371B636}.Release|Any CPU.ActiveCfg = Release|Any CPU
		{C8F5182C-F78E-4A90-9F77-B5515371B636}.Release|Any CPU.Build.0 = Release|Any CPU
	EndGlobalSection
	GlobalSection(SolutionProperties) = preSolution
		HideSolutionNode = FALSE
	EndGlobalSection
	GlobalSection(ExtensibilityGlobals) = postSolution
		SolutionGuid = {48D8AC28-695A-4D38-AE4F-86C3E93E74D2}
	EndGlobalSection
EndGlobal
