
Microsoft Visual Studio Solution File, Format Version 12.00
# Visual Studio Version 17
VisualStudioVersion = 17.5.002.0
MinimumVisualStudioVersion = 10.0.40219.1
Project("{9A19103F-16F7-4668-BE54-9A1E7A4F7556}") = "77", "77.csproj", "{27F64D47-E174-46BA-BC85-6A93E9AA9C60}"
EndProject
Global
	GlobalSection(SolutionConfigurationPlatforms) = preSolution
		Debug|Any CPU = Debug|Any CPU
		Release|Any CPU = Release|Any CPU
	EndGlobalSection
	GlobalSection(ProjectConfigurationPlatforms) = postSolution
		{27F64D47-E174-46BA-BC85-6A93E9AA9C60}.Debug|Any CPU.ActiveCfg = Debug|Any CPU
		{27F64D47-E174-46BA-BC85-6A93E9AA9C60}.Debug|Any CPU.Build.0 = Debug|Any CPU
		{27F64D47-E174-46BA-BC85-6A93E9AA9C60}.Release|Any CPU.ActiveCfg = Release|Any CPU
		{27F64D47-E174-46BA-BC85-6A93E9AA9C60}.Release|Any CPU.Build.0 = Release|Any CPU
	EndGlobalSection
	GlobalSection(SolutionProperties) = preSolution
		HideSolutionNode = FALSE
	EndGlobalSection
	GlobalSection(ExtensibilityGlobals) = postSolution
		SolutionGuid = {B0BCF2AB-00D7-4394-AE35-B4B519060326}
	EndGlobalSection
EndGlobal
