
Microsoft Visual Studio Solution File, Format Version 12.00
# Visual Studio Version 17
VisualStudioVersion = 17.5.002.0
MinimumVisualStudioVersion = 10.0.40219.1
Project("{9A19103F-16F7-4668-BE54-9A1E7A4F7556}") = "59", "59.csproj", "{40009A05-5CB7-4AA7-B03C-EF62CDC12C41}"
EndProject
Global
	GlobalSection(SolutionConfigurationPlatforms) = preSolution
		Debug|Any CPU = Debug|Any CPU
		Release|Any CPU = Release|Any CPU
	EndGlobalSection
	GlobalSection(ProjectConfigurationPlatforms) = postSolution
		{40009A05-5CB7-4AA7-B03C-EF62CDC12C41}.Debug|Any CPU.ActiveCfg = Debug|Any CPU
		{40009A05-5CB7-4AA7-B03C-EF62CDC12C41}.Debug|Any CPU.Build.0 = Debug|Any CPU
		{40009A05-5CB7-4AA7-B03C-EF62CDC12C41}.Release|Any CPU.ActiveCfg = Release|Any CPU
		{40009A05-5CB7-4AA7-B03C-EF62CDC12C41}.Release|Any CPU.Build.0 = Release|Any CPU
	EndGlobalSection
	GlobalSection(SolutionProperties) = preSolution
		HideSolutionNode = FALSE
	EndGlobalSection
	GlobalSection(ExtensibilityGlobals) = postSolution
		SolutionGuid = {5994F046-ABAC-4690-9EC8-DFDB5AAEC901}
	EndGlobalSection
EndGlobal
