
Microsoft Visual Studio Solution File, Format Version 12.00
# Visual Studio Version 17
VisualStudioVersion = 17.5.001.0
MinimumVisualStudioVersion = 10.0.40219.1
Project("{9A19103F-16F7-4668-BE54-9A1E7A4F7556}") = "06", "06.csproj", "{178AC882-9446-41FF-B493-FEB50714104A}"
EndProject
Global
	GlobalSection(SolutionConfigurationPlatforms) = preSolution
		Debug|Any CPU = Debug|Any CPU
		Release|Any CPU = Release|Any CPU
	EndGlobalSection
	GlobalSection(ProjectConfigurationPlatforms) = postSolution
		{178AC882-9446-41FF-B493-FEB50714104A}.Debug|Any CPU.ActiveCfg = Debug|Any CPU
		{178AC882-9446-41FF-B493-FEB50714104A}.Debug|Any CPU.Build.0 = Debug|Any CPU
		{178AC882-9446-41FF-B493-FEB50714104A}.Release|Any CPU.ActiveCfg = Release|Any CPU
		{178AC882-9446-41FF-B493-FEB50714104A}.Release|Any CPU.Build.0 = Release|Any CPU
	EndGlobalSection
	GlobalSection(SolutionProperties) = preSolution
		HideSolutionNode = FALSE
	EndGlobalSection
	GlobalSection(ExtensibilityGlobals) = postSolution
		SolutionGuid = {DE82AC98-89C2-4788-8801-4939980DA129}
	EndGlobalSection
EndGlobal
