
Microsoft Visual Studio Solution File, Format Version 12.00
# Visual Studio Version 17
VisualStudioVersion = 17.5.002.0
MinimumVisualStudioVersion = 10.0.40219.1
Project("{9A19103F-16F7-4668-BE54-9A1E7A4F7556}") = "75", "75.csproj", "{4E0A5BE4-1C79-43F1-9D6D-DF019AD031D5}"
EndProject
Global
	GlobalSection(SolutionConfigurationPlatforms) = preSolution
		Debug|Any CPU = Debug|Any CPU
		Release|Any CPU = Release|Any CPU
	EndGlobalSection
	GlobalSection(ProjectConfigurationPlatforms) = postSolution
		{4E0A5BE4-1C79-43F1-9D6D-DF019AD031D5}.Debug|Any CPU.ActiveCfg = Debug|Any CPU
		{4E0A5BE4-1C79-43F1-9D6D-DF019AD031D5}.Debug|Any CPU.Build.0 = Debug|Any CPU
		{4E0A5BE4-1C79-43F1-9D6D-DF019AD031D5}.Release|Any CPU.ActiveCfg = Release|Any CPU
		{4E0A5BE4-1C79-43F1-9D6D-DF019AD031D5}.Release|Any CPU.Build.0 = Release|Any CPU
	EndGlobalSection
	GlobalSection(SolutionProperties) = preSolution
		HideSolutionNode = FALSE
	EndGlobalSection
	GlobalSection(ExtensibilityGlobals) = postSolution
		SolutionGuid = {3B76DC12-BA47-44D6-A84C-9EC1E10DAC06}
	EndGlobalSection
EndGlobal
